
Microsoft Visual Studio Solution File, Format Version 12.00
# Visual Studio Version 16
VisualStudioVersion = 16.0.30717.126
MinimumVisualStudioVersion = 10.0.40219.1
Project("{FAE04EC0-301F-11D3-BF4B-00C04F79EFBC}") = "UnitTestRange", "UnitTestRange\UnitTestRange.csproj", "{695211CF-4845-40E1-83BF-8E87AE66BAE2}"
EndProject
Global
	GlobalSection(SolutionConfigurationPlatforms) = preSolution
		Debug|Any CPU = Debug|Any CPU
		Release|Any CPU = Release|Any CPU
	EndGlobalSection
	GlobalSection(ProjectConfigurationPlatforms) = postSolution
		{695211CF-4845-40E1-83BF-8E87AE66BAE2}.Debug|Any CPU.ActiveCfg = Debug|Any CPU
		{695211CF-4845-40E1-83BF-8E87AE66BAE2}.Debug|Any CPU.Build.0 = Debug|Any CPU
		{695211CF-4845-40E1-83BF-8E87AE66BAE2}.Release|Any CPU.ActiveCfg = Release|Any CPU
		{695211CF-4845-40E1-83BF-8E87AE66BAE2}.Release|Any CPU.Build.0 = Release|Any CPU
	EndGlobalSection
	GlobalSection(SolutionProperties) = preSolution
		HideSolutionNode = FALSE
	EndGlobalSection
	GlobalSection(ExtensibilityGlobals) = postSolution
		SolutionGuid = {31C32796-9DDA-45BF-ACF6-8801E2948D1C}
	EndGlobalSection
EndGlobal
