
Microsoft Visual Studio Solution File, Format Version 12.00
# Visual Studio Version 16
VisualStudioVersion = 16.0.30717.126
MinimumVisualStudioVersion = 10.0.40219.1
Project("{FAE04EC0-301F-11D3-BF4B-00C04F79EFBC}") = "Anagrama", "Anagrama\Anagrama.csproj", "{7215A2E7-8842-422E-BE80-9E367A789597}"
EndProject
Project("{FAE04EC0-301F-11D3-BF4B-00C04F79EFBC}") = "UnitTestAnagrama", "UnitTestAnagrama\UnitTestAnagrama.csproj", "{73C4FA62-EF58-48EF-80F3-597500970D95}"
EndProject
Global
	GlobalSection(SolutionConfigurationPlatforms) = preSolution
		Debug|Any CPU = Debug|Any CPU
		Release|Any CPU = Release|Any CPU
	EndGlobalSection
	GlobalSection(ProjectConfigurationPlatforms) = postSolution
		{7215A2E7-8842-422E-BE80-9E367A789597}.Debug|Any CPU.ActiveCfg = Debug|Any CPU
		{7215A2E7-8842-422E-BE80-9E367A789597}.Debug|Any CPU.Build.0 = Debug|Any CPU
		{7215A2E7-8842-422E-BE80-9E367A789597}.Release|Any CPU.ActiveCfg = Release|Any CPU
		{7215A2E7-8842-422E-BE80-9E367A789597}.Release|Any CPU.Build.0 = Release|Any CPU
		{73C4FA62-EF58-48EF-80F3-597500970D95}.Debug|Any CPU.ActiveCfg = Debug|Any CPU
		{73C4FA62-EF58-48EF-80F3-597500970D95}.Debug|Any CPU.Build.0 = Debug|Any CPU
		{73C4FA62-EF58-48EF-80F3-597500970D95}.Release|Any CPU.ActiveCfg = Release|Any CPU
		{73C4FA62-EF58-48EF-80F3-597500970D95}.Release|Any CPU.Build.0 = Release|Any CPU
	EndGlobalSection
	GlobalSection(SolutionProperties) = preSolution
		HideSolutionNode = FALSE
	EndGlobalSection
	GlobalSection(ExtensibilityGlobals) = postSolution
		SolutionGuid = {812CA2FF-0802-4A38-8337-46C27F97C49C}
	EndGlobalSection
EndGlobal
